{
    "_readme": [
        "This file locks the dependencies of your project to a known state",
        "Read more about it at https://getcomposer.org/doc/01-basic-usage.md#installing-dependencies",
        "This file is @generated automatically"
    ],
    "content-hash": "3d1eaa46e21cb1a8b4c019ffe053f711",
    "packages": [
        {
            "name": "nikic/php-parser",
            "version": "v5.7.0",
            "dist": {
                "type": "zip",
                "url": "https://mirrors.cloud.tencent.com/repository/composer/nikic/php-parser/v5.7.0/nikic-php-parser-v5.7.0.zip",
                "reference": "dca41cd15c2ac9d055ad70dbfd011130757d1f82",
                "shasum": ""
            },
            "require": {
                "ext-ctype": "*",
                "ext-json": "*",
                "ext-tokenizer": "*",
                "php": ">=7.4"
            },
            "require-dev": {
                "ircmaxell/php-yacc": "^0.0.7",
                "phpunit/phpunit": "^9.0"
            },
            "bin": [
                "bin/php-parse"
            ],
            "type": "library",
            "extra": {
                "branch-alias": {
                    "dev-master": "5.x-dev"
                }
            },
            "autoload": {
                "psr-4": {
                    "PhpParser\\": "lib/PhpParser"
                }
            },
            "license": [
                "BSD-3-Clause"
            ],
            "authors": [
                {
                    "name": "Nikita Popov"
                }
            ],
            "description": "A PHP parser written in PHP",
            "keywords": [
                "parser",
                "php"
            ],
            "support": {
                "issues": "https://github.com/nikic/PHP-Parser/issues",
                "source": "https://github.com/nikic/PHP-Parser/tree/v5.7.0"
            },
            "time": "2025-12-06T11:56:16+00:00"
        },
        {
            "name": "yangweijie/perry-php",
            "version": "dev-main",
            "dist": {
                "type": "path",
                "url": "../perry/perry-php",
                "reference": "2b0feeb8c676ad1dcd0e3ec1063c8a627a7db212"
            },
            "require": {
                "ext-json": "*",
                "nikic/php-parser": "^5.7",
                "php": ">=8.2"
            },
            "require-dev": {
                "pestphp/pest": "^3.8",
                "phpunit/phpunit": "^11.0"
            },
            "bin": [
                "bin/perry"
            ],
            "type": "library",
            "autoload": {
                "psr-4": {
                    "Perry\\": "src/"
                },
                "classmap": [
                    "src/IR/Node.php"
                ]
            },
            "autoload-dev": {
                "psr-4": {
                    "Perry\\Tests\\": "tests/"
                }
            },
            "scripts": {
                "test": [
                    "phpunit"
                ]
            },
            "license": [
                "MIT"
            ],
            "description": "Cross-platform UI abstraction and build system inspired by Perry-TS",
            "transport-options": {
                "relative": true
            }
        }
    ],
    "packages-dev": [],
    "aliases": [],
    "minimum-stability": "dev",
    "stability-flags": {},
    "prefer-stable": true,
    "prefer-lowest": false,
    "platform": {
        "php": ">=8.2"
    },
    "platform-dev": {},
    "plugin-api-version": "2.6.0"
}
